
Microsoft Visual Studio Solution File, Format Version 12.00
# Visual Studio 14
VisualStudioVersion = 14.0.22823.1
MinimumVisualStudioVersion = 10.0.40219.1
Project("{FAE04EC0-301F-11D3-BF4B-00C04F79EFBC}") = "P0701", "P0701\P0701.csproj", "{95E4EA4D-FC1A-45B4-87A7-5ADE3C78C353}"
EndProject
Global
	GlobalSection(SolutionConfigurationPlatforms) = preSolution
		Debug|Any CPU = Debug|Any CPU
		Release|Any CPU = Release|Any CPU
	EndGlobalSection
	GlobalSection(ProjectConfigurationPlatforms) = postSolution
		{95E4EA4D-FC1A-45B4-87A7-5ADE3C78C353}.Debug|Any CPU.ActiveCfg = Debug|Any CPU
		{95E4EA4D-FC1A-45B4-87A7-5ADE3C78C353}.Debug|Any CPU.Build.0 = Debug|Any CPU
		{95E4EA4D-FC1A-45B4-87A7-5ADE3C78C353}.Release|Any CPU.ActiveCfg = Release|Any CPU
		{95E4EA4D-FC1A-45B4-87A7-5ADE3C78C353}.Release|Any CPU.Build.0 = Release|Any CPU
	EndGlobalSection
	GlobalSection(SolutionProperties) = preSolution
		HideSolutionNode = FALSE
	EndGlobalSection
EndGlobal
